// !$*UTF8*$!
{
	archiveVersion = 1;
	classes = {
	};
	objectVersion = 46;
	objects = {

/* Begin PBXBuildFile section */
		F4D9ACA2186E7AF900E2D912 /* Foundation.framework in Frameworks */ = {isa = PBXBuildFile; fileRef = F4D9ACA1186E7AF900E2D912 /* Foundation.framework */; };
		F4D9ACA4186E7AF900E2D912 /* CoreGraphics.framework in Frameworks */ = {isa = PBXBuildFile; fileRef = F4D9ACA3186E7AF900E2D912 /* CoreGraphics.framework */; };
		F4D9ACA6186E7AF900E2D912 /* UIKit.framework in Frameworks */ = {isa = PBXBuildFile; fileRef = F4D9ACA5186E7AF900E2D912 /* UIKit.framework */; };
		F4D9ACAC186E7AF900E2D912 /* InfoPlist.strings in Resources */ = {isa = PBXBuildFile; fileRef = F4D9ACAA186E7AF900E2D912 /* InfoPlist.strings */; };
		F4D9ACAE186E7AF900E2D912 /* main.m in Sources */ = {isa = PBXBuildFile; fileRef = F4D9ACAD186E7AF900E2D912 /* main.m */; };
		F4D9ACB2186E7AF900E2D912 /* VideoAppDelegate.m in Sources */ = {isa = PBXBuildFile; fileRef = F4D9ACB1186E7AF900E2D912 /* VideoAppDelegate.m */; };
		F4D9ACB5186E7AF900E2D912 /* Main.storyboard in Resources */ = {isa = PBXBuildFile; fileRef = F4D9ACB3186E7AF900E2D912 /* Main.storyboard */; };
		F4D9ACB8186E7AF900E2D912 /* VideoViewController.m in Sources */ = {isa = PBXBuildFile; fileRef = F4D9ACB7186E7AF900E2D912 /* VideoViewController.m */; };
		F4D9ACBA186E7AF900E2D912 /* Images.xcassets in Resources */ = {isa = PBXBuildFile; fileRef = F4D9ACB9186E7AF900E2D912 /* Images.xcassets */; };
		F4D9ACC1186E7AF900E2D912 /* XCTest.framework in Frameworks */ = {isa = PBXBuildFile; fileRef = F4D9ACC0186E7AF900E2D912 /* XCTest.framework */; };
		F4D9ACC2186E7AF900E2D912 /* Foundation.framework in Frameworks */ = {isa = PBXBuildFile; fileRef = F4D9ACA1186E7AF900E2D912 /* Foundation.framework */; };
		F4D9ACC3186E7AF900E2D912 /* UIKit.framework in Frameworks */ = {isa = PBXBuildFile; fileRef = F4D9ACA5186E7AF900E2D912 /* UIKit.framework */; };
		F4D9ACCB186E7AF900E2D912 /* InfoPlist.strings in Resources */ = {isa = PBXBuildFile; fileRef = F4D9ACC9186E7AF900E2D912 /* InfoPlist.strings */; };
		F4D9ACCD186E7AF900E2D912 /* VideoAppTests.m in Sources */ = {isa = PBXBuildFile; fileRef = F4D9ACCC186E7AF900E2D912 /* VideoAppTests.m */; };
/* End PBXBuildFile section */

/* Begin PBXContainerItemProxy section */
		F4D9ACC4186E7AF900E2D912 /* PBXContainerItemProxy */ = {
			isa = PBXContainerItemProxy;
			containerPortal = F4D9AC96186E7AF900E2D912 /* Project object */;
			proxyType = 1;
			remoteGlobalIDString = F4D9AC9D186E7AF900E2D912;
			remoteInfo = VideoApp;
		};
/* End PBXContainerItemProxy section */

/* Begin PBXFileReference section */
		F4D9AC9E186E7AF900E2D912 /* VideoApp.app */ = {isa = PBXFileReference; explicitFileType = wrapper.application; includeInIndex = 0; path = VideoApp.app; sourceTree = BUILT_PRODUCTS_DIR; };
		F4D9ACA1186E7AF900E2D912 /* Foundation.framework */ = {isa = PBXFileReference; lastKnownFileType = wrapper.framework; name = Foundation.framework; path = System/Library/Frameworks/Foundation.framework; sourceTree = SDKROOT; };
		F4D9ACA3186E7AF900E2D912 /* CoreGraphics.framework */ = {isa = PBXFileReference; lastKnownFileType = wrapper.framework; name = CoreGraphics.framework; path = System/Library/Frameworks/CoreGraphics.framework; sourceTree = SDKROOT; };
		F4D9ACA5186E7AF900E2D912 /* UIKit.framework */ = {isa = PBXFileReference; lastKnownFileType = wrapper.framework; name = UIKit.framework; path = System/Library/Frameworks/UIKit.framework; sourceTree = SDKROOT; };
		F4D9ACA9186E7AF900E2D912 /* VideoApp-Info.plist */ = {isa = PBXFileReference; lastKnownFileType = text.plist.xml; path = "VideoApp-Info.plist"; sourceTree = "<group>"; };
		F4D9ACAB186E7AF900E2D912 /* en */ = {isa = PBXFileReference; lastKnownFileType = text.plist.strings; name = en; path = en.lproj/InfoPlist.strings; sourceTree = "<group>"; };
		F4D9ACAD186E7AF900E2D912 /* main.m */ = {isa = PBXFileReference; lastKnownFileType = sourcecode.c.objc; path = main.m; sourceTree = "<group>"; };
		F4D9ACAF186E7AF900E2D912 /* VideoApp-Prefix.pch */ = {isa = PBXFileReference; lastKnownFileType = sourcecode.c.h; path = "VideoApp-Prefix.pch"; sourceTree = "<group>"; };
		F4D9ACB0186E7AF900E2D912 /* VideoAppDelegate.h */ = {isa = PBXFileReference; lastKnownFileType = sourcecode.c.h; path = VideoAppDelegate.h; sourceTree = "<group>"; };
		F4D9ACB1186E7AF900E2D912 /* VideoAppDelegate.m */ = {isa = PBXFileReference; lastKnownFileType = sourcecode.c.objc; path = VideoAppDelegate.m; sourceTree = "<group>"; };
		F4D9ACB4186E7AF900E2D912 /* Base */ = {isa = PBXFileReference; lastKnownFileType = file.storyboard; name = Base; path = Base.lproj/Main.storyboard; sourceTree = "<group>"; };
		F4D9ACB6186E7AF900E2D912 /* VideoViewController.h */ = {isa = PBXFileReference; lastKnownFileType = sourcecode.c.h; path = VideoViewController.h; sourceTree = "<group>"; };
		F4D9ACB7186E7AF900E2D912 /* VideoViewController.m */ = {isa = PBXFileReference; lastKnownFileType = sourcecode.c.objc; path = VideoViewController.m; sourceTree = "<group>"; };
		F4D9ACB9186E7AF900E2D912 /* Images.xcassets */ = {isa = PBXFileReference; lastKnownFileType = folder.assetcatalog; path = Images.xcassets; sourceTree = "<group>"; };
		F4D9ACBF186E7AF900E2D912 /* VideoAppTests.xctest */ = {isa = PBXFileReference; explicitFileType = wrapper.cfbundle; includeInIndex = 0; path = VideoAppTests.xctest; sourceTree = BUILT_PRODUCTS_DIR; };
		F4D9ACC0186E7AF900E2D912 /* XCTest.framework */ = {isa = PBXFileReference; lastKnownFileType = wrapper.framework; name = XCTest.framework; path = Library/Frameworks/XCTest.framework; sourceTree = DEVELOPER_DIR; };
		F4D9ACC8186E7AF900E2D912 /* VideoAppTests-Info.plist */ = {isa = PBXFileReference; lastKnownFileType = text.plist.xml; path = "VideoAppTests-Info.plist"; sourceTree = "<group>"; };
		F4D9ACCA186E7AF900E2D912 /* en */ = {isa = PBXFileReference; lastKnownFileType = text.plist.strings; name = en; path = en.lproj/InfoPlist.strings; sourceTree = "<group>"; };
		F4D9ACCC186E7AF900E2D912 /* VideoAppTests.m */ = {isa = PBXFileReference; lastKnownFileType = sourcecode.c.objc; path = VideoAppTests.m; sourceTree = "<group>"; };
/* End PBXFileReference section */

/* Begin PBXFrameworksBuildPhase section */
		F4D9AC9B186E7AF900E2D912 /* Frameworks */ = {
			isa = PBXFrameworksBuildPhase;
			buildActionMask = 2147483647;
			files = (
				F4D9ACA4186E7AF900E2D912 /* CoreGraphics.framework in Frameworks */,
				F4D9ACA6186E7AF900E2D912 /* UIKit.framework in Frameworks */,
				F4D9ACA2186E7AF900E2D912 /* Foundation.framework in Frameworks */,
			);
			runOnlyForDeploymentPostprocessing = 0;
		};
		F4D9ACBC186E7AF900E2D912 /* Frameworks */ = {
			isa = PBXFrameworksBuildPhase;
			buildActionMask = 2147483647;
			files = (
				F4D9ACC1186E7AF900E2D912 /* XCTest.framework in Frameworks */,
				F4D9ACC3186E7AF900E2D912 /* UIKit.framework in Frameworks */,
				F4D9ACC2186E7AF900E2D912 /* Foundation.framework in Frameworks */,
			);
			runOnlyForDeploymentPostprocessing = 0;
		};
/* End PBXFrameworksBuildPhase section */

/* Begin PBXGroup section */
		F4D9AC95186E7AF900E2D912 = {
			isa = PBXGroup;
			children = (
				F4D9ACA7186E7AF900E2D912 /* VideoApp */,
				F4D9ACC6186E7AF900E2D912 /* VideoAppTests */,
				F4D9ACA0186E7AF900E2D912 /* Frameworks */,
				F4D9AC9F186E7AF900E2D912 /* Products */,
			);
			sourceTree = "<group>";
		};
		F4D9AC9F186E7AF900E2D912 /* Products */ = {
			isa = PBXGroup;
			children = (
				F4D9AC9E186E7AF900E2D912 /* VideoApp.app */,
				F4D9ACBF186E7AF900E2D912 /* VideoAppTests.xctest */,
			);
			name = Products;
			sourceTree = "<group>";
		};
		F4D9ACA0186E7AF900E2D912 /* Frameworks */ = {
			isa = PBXGroup;
			children = (
				F4D9ACA1186E7AF900E2D912 /* Foundation.framework */,
				F4D9ACA3186E7AF900E2D912 /* CoreGraphics.framework */,
				F4D9ACA5186E7AF900E2D912 /* UIKit.framework */,
				F4D9ACC0186E7AF900E2D912 /* XCTest.framework */,
			);
			name = Frameworks;
			sourceTree = "<group>";
		};
		F4D9ACA7186E7AF900E2D912 /* VideoApp */ = {
			isa = PBXGroup;
			children = (
				F4D9ACB0186E7AF900E2D912 /* VideoAppDelegate.h */,
				F4D9ACB1186E7AF900E2D912 /* VideoAppDelegate.m */,
				F4D9ACB3186E7AF900E2D912 /* Main.storyboard */,
				F4D9ACB6186E7AF900E2D912 /* VideoViewController.h */,
				F4D9ACB7186E7AF900E2D912 /* VideoViewController.m */,
				F4D9ACB9186E7AF900E2D912 /* Images.xcassets */,
				F4D9ACA8186E7AF900E2D912 /* Supporting Files */,
			);
			path = VideoApp;
			sourceTree = "<group>";
		};
		F4D9ACA8186E7AF900E2D912 /* Supporting Files */ = {
			isa = PBXGroup;
			children = (
				F4D9ACA9186E7AF900E2D912 /* VideoApp-Info.plist */,
				F4D9ACAA186E7AF900E2D912 /* InfoPlist.strings */,
				F4D9ACAD186E7AF900E2D912 /* main.m */,
				F4D9ACAF186E7AF900E2D912 /* VideoApp-Prefix.pch */,
			);
			name = "Supporting Files";
			sourceTree = "<group>";
		};
		F4D9ACC6186E7AF900E2D912 /* VideoAppTests */ = {
			isa = PBXGroup;
			children = (
				F4D9ACCC186E7AF900E2D912 /* VideoAppTests.m */,
				F4D9ACC7186E7AF900E2D912 /* Supporting Files */,
			);
			path = VideoAppTests;
			sourceTree = "<group>";
		};
		F4D9ACC7186E7AF900E2D912 /* Supporting Files */ = {
			isa = PBXGroup;
			children = (
				F4D9ACC8186E7AF900E2D912 /* VideoAppTests-Info.plist */,
				F4D9ACC9186E7AF900E2D912 /* InfoPlist.strings */,
			);
			name = "Supporting Files";
			sourceTree = "<group>";
		};
/* End PBXGroup section */

/* Begin PBXNativeTarget section */
		F4D9AC9D186E7AF900E2D912 /* VideoApp */ = {
			isa = PBXNativeTarget;
			buildConfigurationList = F4D9ACD0186E7AF900E2D912 /* Build configuration list for PBXNativeTarget "VideoApp" */;
			buildPhases = (
				F4D9AC9A186E7AF900E2D912 /* Sources */,
				F4D9AC9B186E7AF900E2D912 /* Frameworks */,
				F4D9AC9C186E7AF900E2D912 /* Resources */,
			);
			buildRules = (
			);
			dependencies = (
			);
			name = VideoApp;
			productName = VideoApp;
			productReference = F4D9AC9E186E7AF900E2D912 /* VideoApp.app */;
			productType = "com.apple.product-type.application";
		};
		F4D9ACBE186E7AF900E2D912 /* VideoAppTests */ = {
			isa = PBXNativeTarget;
			buildConfigurationList = F4D9ACD3186E7AF900E2D912 /* Build configuration list for PBXNativeTarget "VideoAppTests" */;
			buildPhases = (
				F4D9ACBB186E7AF900E2D912 /* Sources */,
				F4D9ACBC186E7AF900E2D912 /* Frameworks */,
				F4D9ACBD186E7AF900E2D912 /* Resources */,
			);
			buildRules = (
			);
			dependencies = (
				F4D9ACC5186E7AF900E2D912 /* PBXTargetDependency */,
			);
			name = VideoAppTests;
			productName = VideoAppTests;
			productReference = F4D9ACBF186E7AF900E2D912 /* VideoAppTests.xctest */;
			productType = "com.apple.product-type.bundle.unit-test";
		};
/* End PBXNativeTarget section */

/* Begin PBXProject section */
		F4D9AC96186E7AF900E2D912 /* Project object */ = {
			isa = PBXProject;
			attributes = {
				CLASSPREFIX = Video;
				LastUpgradeCheck = 0500;
				ORGANIZATIONNAME = Appcoda;
				TargetAttributes = {
					F4D9ACBE186E7AF900E2D912 = {
						TestTargetID = F4D9AC9D186E7AF900E2D912;
					};
				};
			};
			buildConfigurationList = F4D9AC99186E7AF900E2D912 /* Build configuration list for PBXProject "VideoApp" */;
			compatibilityVersion = "Xcode 3.2";
			developmentRegion = English;
			hasScannedForEncodings = 0;
			knownRegions = (
				en,
				Base,
			);
			mainGroup = F4D9AC95186E7AF900E2D912;
			productRefGroup = F4D9AC9F186E7AF900E2D912 /* Products */;
			projectDirPath = "";
			projectRoot = "";
			targets = (
				F4D9AC9D186E7AF900E2D912 /* VideoApp */,
				F4D9ACBE186E7AF900E2D912 /* VideoAppTests */,
			);
		};
/* End PBXProject section */

/* Begin PBXResourcesBuildPhase section */
		F4D9AC9C186E7AF900E2D912 /* Resources */ = {
			isa = PBXResourcesBuildPhase;
			buildActionMask = 2147483647;
			files = (
				F4D9ACBA186E7AF900E2D912 /* Images.xcassets in Resources */,
				F4D9ACAC186E7AF900E2D912 /* InfoPlist.strings in Resources */,
				F4D9ACB5186E7AF900E2D912 /* Main.storyboard in Resources */,
			);
			runOnlyForDeploymentPostprocessing = 0;
		};
		F4D9ACBD186E7AF900E2D912 /* Resources */ = {
			isa = PBXResourcesBuildPhase;
			buildActionMask = 2147483647;
			files = (
				F4D9ACCB186E7AF900E2D912 /* InfoPlist.strings in Resources */,
			);
			runOnlyForDeploymentPostprocessing = 0;
		};
/* End PBXResourcesBuildPhase section */

/* Begin PBXSourcesBuildPhase section */
		F4D9AC9A186E7AF900E2D912 /* Sources */ = {
			isa = PBXSourcesBuildPhase;
			buildActionMask = 2147483647;
			files = (
				F4D9ACB2186E7AF900E2D912 /* VideoAppDelegate.m in Sources */,
				F4D9ACAE186E7AF900E2D912 /* main.m in Sources */,
				F4D9ACB8186E7AF900E2D912 /* VideoViewController.m in Sources */,
			);
			runOnlyForDeploymentPostprocessing = 0;
		};
		F4D9ACBB186E7AF900E2D912 /* Sources */ = {
			isa = PBXSourcesBuildPhase;
			buildActionMask = 2147483647;
			files = (
				F4D9ACCD186E7AF900E2D912 /* VideoAppTests.m in Sources */,
			);
			runOnlyForDeploymentPostprocessing = 0;
		};
/* End PBXSourcesBuildPhase section */

/* Begin PBXTargetDependency section */
		F4D9ACC5186E7AF900E2D912 /* PBXTargetDependency */ = {
			isa = PBXTargetDependency;
			target = F4D9AC9D186E7AF900E2D912 /* VideoApp */;
			targetProxy = F4D9ACC4186E7AF900E2D912 /* PBXContainerItemProxy */;
		};
/* End PBXTargetDependency section */

/* Begin PBXVariantGroup section */
		F4D9ACAA186E7AF900E2D912 /* InfoPlist.strings */ = {
			isa = PBXVariantGroup;
			children = (
				F4D9ACAB186E7AF900E2D912 /* en */,
			);
			name = InfoPlist.strings;
			sourceTree = "<group>";
		};
		F4D9ACB3186E7AF900E2D912 /* Main.storyboard */ = {
			isa = PBXVariantGroup;
			children = (
				F4D9ACB4186E7AF900E2D912 /* Base */,
			);
			name = Main.storyboard;
			sourceTree = "<group>";
		};
		F4D9ACC9186E7AF900E2D912 /* InfoPlist.strings */ = {
			isa = PBXVariantGroup;
			children = (
				F4D9ACCA186E7AF900E2D912 /* en */,
			);
			name = InfoPlist.strings;
			sourceTree = "<group>";
		};
/* End PBXVariantGroup section */

/* Begin XCBuildConfiguration section */
		F4D9ACCE186E7AF900E2D912 /* Debug */ = {
			isa = XCBuildConfiguration;
			buildSettings = {
				ALWAYS_SEARCH_USER_PATHS = NO;
				ARCHS = "$(ARCHS_STANDARD_INCLUDING_64_BIT)";
				CLANG_CXX_LANGUAGE_STANDARD = "gnu++0x";
				CLANG_CXX_LIBRARY = "libc++";
				CLANG_ENABLE_MODULES = YES;
				CLANG_ENABLE_OBJC_ARC = YES;
				CLANG_WARN_BOOL_CONVERSION = YES;
				CLANG_WARN_CONSTANT_CONVERSION = YES;
				CLANG_WARN_DIRECT_OBJC_ISA_USAGE = YES_ERROR;
				CLANG_WARN_EMPTY_BODY = YES;
				CLANG_WARN_ENUM_CONVERSION = YES;
				CLANG_WARN_INT_CONVERSION = YES;
				CLANG_WARN_OBJC_ROOT_CLASS = YES_ERROR;
				CLANG_WARN__DUPLICATE_METHOD_MATCH = YES;
				"CODE_SIGN_IDENTITY[sdk=iphoneos*]" = "iPhone Developer";
				COPY_PHASE_STRIP = NO;
				GCC_C_LANGUAGE_STANDARD = gnu99;
				GCC_DYNAMIC_NO_PIC = NO;
				GCC_OPTIMIZATION_LEVEL = 0;
				GCC_PREPROCESSOR_DEFINITIONS = (
					"DEBUG=1",
					"$(inherited)",
				);
				GCC_SYMBOLS_PRIVATE_EXTERN = NO;
				GCC_WARN_64_TO_32_BIT_CONVERSION = YES;
				GCC_WARN_ABOUT_RETURN_TYPE = YES_ERROR;
				GCC_WARN_UNDECLARED_SELECTOR = YES;
				GCC_WARN_UNINITIALIZED_AUTOS = YES;
				GCC_WARN_UNUSED_FUNCTION = YES;
				GCC_WARN_UNUSED_VARIABLE = YES;
				IPHONEOS_DEPLOYMENT_TARGET = 7.0;
				ONLY_ACTIVE_ARCH = YES;
				SDKROOT = iphoneos;
			};
			name = Debug;
		};
		F4D9ACCF186E7AF900E2D912 /* Release */ = {
			isa = XCBuildConfiguration;
			buildSettings = {
				ALWAYS_SEARCH_USER_PATHS = NO;
				ARCHS = "$(ARCHS_STANDARD_INCLUDING_64_BIT)";
				CLANG_CXX_LANGUAGE_STANDARD = "gnu++0x";
				CLANG_CXX_LIBRARY = "libc++";
				CLANG_ENABLE_MODULES = YES;
				CLANG_ENABLE_OBJC_ARC = YES;
				CLANG_WARN_BOOL_CONVERSION = YES;
				CLANG_WARN_CONSTANT_CONVERSION = YES;
				CLANG_WARN_DIRECT_OBJC_ISA_USAGE = YES_ERROR;
				CLANG_WARN_EMPTY_BODY = YES;
				CLANG_WARN_ENUM_CONVERSION = YES;
				CLANG_WARN_INT_CONVERSION = YES;
				CLANG_WARN_OBJC_ROOT_CLASS = YES_ERROR;
				CLANG_WARN__DUPLICATE_METHOD_MATCH = YES;
				"CODE_SIGN_IDENTITY[sdk=iphoneos*]" = "iPhone Developer";
				COPY_PHASE_STRIP = YES;
				ENABLE_NS_ASSERTIONS = NO;
				GCC_C_LANGUAGE_STANDARD = gnu99;
				GCC_WARN_64_TO_32_BIT_CONVERSION = YES;
				GCC_WARN_ABOUT_RETURN_TYPE = YES_ERROR;
				GCC_WARN_UNDECLARED_SELECTOR = YES;
				GCC_WARN_UNINITIALIZED_AUTOS = YES;
				GCC_WARN_UNUSED_FUNCTION = YES;
				GCC_WARN_UNUSED_VARIABLE = YES;
				IPHONEOS_DEPLOYMENT_TARGET = 7.0;
				SDKROOT = iphoneos;
				VALIDATE_PRODUCT = YES;
			};
			name = Release;
		};
		F4D9ACD1186E7AF900E2D912 /* Debug */ = {
			isa = XCBuildConfiguration;
			buildSettings = {
				ASSETCATALOG_COMPILER_APPICON_NAME = AppIcon;
				ASSETCATALOG_COMPILER_LAUNCHIMAGE_NAME = LaunchImage;
				GCC_PRECOMPILE_PREFIX_HEADER = YES;
				GCC_PREFIX_HEADER = "VideoApp/VideoApp-Prefix.pch";
				INFOPLIST_FILE = "VideoApp/VideoApp-Info.plist";
				PRODUCT_NAME = "$(TARGET_NAME)";
				WRAPPER_EXTENSION = app;
			};
			name = Debug;
		};
		F4D9ACD2186E7AF900E2D912 /* Release */ = {
			isa = XCBuildConfiguration;
			buildSettings = {
				ASSETCATALOG_COMPILER_APPICON_NAME = AppIcon;
				ASSETCATALOG_COMPILER_LAUNCHIMAGE_NAME = LaunchImage;
				GCC_PRECOMPILE_PREFIX_HEADER = YES;
				GCC_PREFIX_HEADER = "VideoApp/VideoApp-Prefix.pch";
				INFOPLIST_FILE = "VideoApp/VideoApp-Info.plist";
				PRODUCT_NAME = "$(TARGET_NAME)";
				WRAPPER_EXTENSION = app;
			};
			name = Release;
		};
		F4D9ACD4186E7AF900E2D912 /* Debug */ = {
			isa = XCBuildConfiguration;
			buildSettings = {
				ARCHS = "$(ARCHS_STANDARD_INCLUDING_64_BIT)";
				BUNDLE_LOADER = "$(BUILT_PRODUCTS_DIR)/VideoApp.app/VideoApp";
				FRAMEWORK_SEARCH_PATHS = (
					"$(SDKROOT)/Developer/Library/Frameworks",
					"$(inherited)",
					"$(DEVELOPER_FRAMEWORKS_DIR)",
				);
				GCC_PRECOMPILE_PREFIX_HEADER = YES;
				GCC_PREFIX_HEADER = "VideoApp/VideoApp-Prefix.pch";
				GCC_PREPROCESSOR_DEFINITIONS = (
					"DEBUG=1",
					"$(inherited)",
				);
				INFOPLIST_FILE = "VideoAppTests/VideoAppTests-Info.plist";
				PRODUCT_NAME = "$(TARGET_NAME)";
				TEST_HOST = "$(BUNDLE_LOADER)";
				WRAPPER_EXTENSION = xctest;
			};
			name = Debug;
		};
		F4D9ACD5186E7AF900E2D912 /* Release */ = {
			isa = XCBuildConfiguration;
			buildSettings = {
				ARCHS = "$(ARCHS_STANDARD_INCLUDING_64_BIT)";
				BUNDLE_LOADER = "$(BUILT_PRODUCTS_DIR)/VideoApp.app/VideoApp";
				FRAMEWORK_SEARCH_PATHS = (
					"$(SDKROOT)/Developer/Library/Frameworks",
					"$(inherited)",
					"$(DEVELOPER_FRAMEWORKS_DIR)",
				);
				GCC_PRECOMPILE_PREFIX_HEADER = YES;
				GCC_PREFIX_HEADER = "VideoApp/VideoApp-Prefix.pch";
				INFOPLIST_FILE = "VideoAppTests/VideoAppTests-Info.plist";
				PRODUCT_NAME = "$(TARGET_NAME)";
				TEST_HOST = "$(BUNDLE_LOADER)";
				WRAPPER_EXTENSION = xctest;
			};
			name = Release;
		};
/* End XCBuildConfiguration section */

/* Begin XCConfigurationList section */
		F4D9AC99186E7AF900E2D912 /* Build configuration list for PBXProject "VideoApp" */ = {
			isa = XCConfigurationList;
			buildConfigurations = (
				F4D9ACCE186E7AF900E2D912 /* Debug */,
				F4D9ACCF186E7AF900E2D912 /* Release */,
			);
			defaultConfigurationIsVisible = 0;
			defaultConfigurationName = Release;
		};
		F4D9ACD0186E7AF900E2D912 /* Build configuration list for PBXNativeTarget "VideoApp" */ = {
			isa = XCConfigurationList;
			buildConfigurations = (
				F4D9ACD1186E7AF900E2D912 /* Debug */,
				F4D9ACD2186E7AF900E2D912 /* Release */,
			);
			defaultConfigurationIsVisible = 0;
		};
		F4D9ACD3186E7AF900E2D912 /* Build configuration list for PBXNativeTarget "VideoAppTests" */ = {
			isa = XCConfigurationList;
			buildConfigurations = (
				F4D9ACD4186E7AF900E2D912 /* Debug */,
				F4D9ACD5186E7AF900E2D912 /* Release */,
			);
			defaultConfigurationIsVisible = 0;
		};
/* End XCConfigurationList section */
	};
	rootObject = F4D9AC96186E7AF900E2D912 /* Project object */;
}
